github.com/aclindsa/ofxgo v0.1.1 h1:D2DRMOSk5muIdCtvniDYU0mmWjj7bwIKBl+Blsu7BCo=
github.com/aclindsa/ofxgo v0.1.1/go.mod h1:P7pqIhTLQLXpDLSQzOGqEjQ5xshV9Qb9y0vIjYD+ti8=
github.com/aclindsa/ofxgo v0.1.3 h1:20Ckjpg5gG4rdGh2juGfa5I1gnWULMXGWxpseVLCVaM=
github.com/aclindsa/ofxgo v0.1.3/go.mod h1:q2mYxGiJr5X3rlyoQjQq+qqHAQ8cTLntPOtY0Dq0pzE=
github.com/aclindsa/xml v0.0.0-20190701095008-453d2c6090c2 h1:ICeGSGrc6fd81VtQ3nZ2h7GEOKxWYwRxjW0v0d/mgu4=
github.com/aclindsa/xml v0.0.0-20190701095008-453d2c6090c2/go.mod h1:GjqOUT8xlg5+T19lFv6yAGNrtMKkZ839Gt4e16mBXlY=
github.com/aclindsa/xml v0.0.0-20201125035057-bbd5c9ec99ac h1:xCNSfPWpcx3Sdz/+aB/Re4L8oA6Y4kRRRuTh1CHCDEw=
github.com/aclindsa/xml v0.0.0-20201125035057-bbd5c9ec99ac/go.mod h1:GjqOUT8xlg5+T19lFv6yAGNrtMKkZ839Gt4e16mBXlY=
github.com/howeyc/gopass v0.0.0-20170109162249-bf9dde6d0d2c/go.mod h1:lADxMC39cJJqL93Duh1xhAs4I2Zs8mKS89XWXFGp9cs=
golang.org/x/crypto v0.0.0-20181001203147-e3636079e1a4/go.mod h1:6SG95UA2DQfeDnfUPMdvaQW0Q7yPrPDi9nlGo2tz2b4=
golang.org/x/sys v0.0.0-20180928133829-e4b3c5e90611/go.mod h1:STP8DvDyc/dI5b8T5hshtkjS+E42TnysNCUPdjciGhY=
golang.org/x/sys v0.0.0-20210615035016-665e8c7367d1/go.mod h1:oPkhp1MJrh7nUepCBck5+mAzfO9JrbApNNgaTdGDITg=
golang.org/x/term v0.0.0-20210927222741-03fcf44c2211/go.mod h1:jbD1KX2456YbFQfuXm/mYQcufACuNUgVhRMnK/tPxf8=
golang.org/x/text v0.0.0-20180911161511-905a57155faa h1:uIJ7KxPgS7ODNO//HqlPfjWmWDGRsoONAVcEVaJNWNs=
golang.org/x/text v0.0.0-20180911161511-905a57155faa/go.mod h1:NqM8EUOU14njkJ3fqMW+pc6Ldnwhi/IjpwHt7yyuwOQ=
golang.org/x/text v0.3.7 h1:olpwvP2KacW1ZWvsR7uQhoyTYvKAupfQrRGBFM352Gk=
golang.org/x/text v0.3.7/go.mod h1:u+2+/6zg+i71rQMx5EYifcz6MCKuco9NR6JIITiCfzQ=
golang.org/x/tools v0.0.0-20180917221912-90fa682c2a6e/go.mod h1:n7NCudcB/nEzxVGmLbDWY5pfWTLqBcC2KZ6jyYvM4mQ=
